
Microsoft Visual Studio Solution File, Format Version 12.00
Project("{FAE04EC0-301F-11D3-BF4B-00C04F79EFBC}") = "MessageSender", "MessageSender\MessageSender.csproj", "{391D1795-38C3-4394-8FA7-4346E1E9309B}"
EndProject
Project("{FAE04EC0-301F-11D3-BF4B-00C04F79EFBC}") = "Contracts", "Contracts\Contracts.csproj", "{66A5DE03-F350-4D24-83B2-14166F67A6D1}"
EndProject
Project("{FAE04EC0-301F-11D3-BF4B-00C04F79EFBC}") = "DocumentService", "DocumentService\DocumentService.csproj", "{23DDD05A-13F0-48E9-888A-FC16AA8E8DF2}"
EndProject
Project("{FAE04EC0-301F-11D3-BF4B-00C04F79EFBC}") = "FileService", "FileService\FileService.csproj", "{66FA5A6C-08BD-4591-857B-77E86AF79185}"
EndProject
Project("{2150E333-8FDC-42A3-9474-1A3956D46DE8}") = "Services", "Services", "{E9458383-5649-4164-A80D-94A1324EE061}"
EndProject
Project("{FAE04EC0-301F-11D3-BF4B-00C04F79EFBC}") = "MendixTracker", "MendixTracker\MendixTracker.csproj", "{24B6305C-0076-4935-AA16-A8475361E2EE}"
EndProject
Global
	GlobalSection(SolutionConfigurationPlatforms) = preSolution
		Debug|Any CPU = Debug|Any CPU
		Release|Any CPU = Release|Any CPU
	EndGlobalSection
	GlobalSection(ProjectConfigurationPlatforms) = postSolution
		{391D1795-38C3-4394-8FA7-4346E1E9309B}.Debug|Any CPU.ActiveCfg = Debug|Any CPU
		{391D1795-38C3-4394-8FA7-4346E1E9309B}.Debug|Any CPU.Build.0 = Debug|Any CPU
		{391D1795-38C3-4394-8FA7-4346E1E9309B}.Release|Any CPU.ActiveCfg = Release|Any CPU
		{391D1795-38C3-4394-8FA7-4346E1E9309B}.Release|Any CPU.Build.0 = Release|Any CPU
		{66A5DE03-F350-4D24-83B2-14166F67A6D1}.Debug|Any CPU.ActiveCfg = Debug|Any CPU
		{66A5DE03-F350-4D24-83B2-14166F67A6D1}.Debug|Any CPU.Build.0 = Debug|Any CPU
		{66A5DE03-F350-4D24-83B2-14166F67A6D1}.Release|Any CPU.ActiveCfg = Release|Any CPU
		{66A5DE03-F350-4D24-83B2-14166F67A6D1}.Release|Any CPU.Build.0 = Release|Any CPU
		{23DDD05A-13F0-48E9-888A-FC16AA8E8DF2}.Debug|Any CPU.ActiveCfg = Debug|Any CPU
		{23DDD05A-13F0-48E9-888A-FC16AA8E8DF2}.Debug|Any CPU.Build.0 = Debug|Any CPU
		{23DDD05A-13F0-48E9-888A-FC16AA8E8DF2}.Release|Any CPU.ActiveCfg = Release|Any CPU
		{23DDD05A-13F0-48E9-888A-FC16AA8E8DF2}.Release|Any CPU.Build.0 = Release|Any CPU
		{66FA5A6C-08BD-4591-857B-77E86AF79185}.Debug|Any CPU.ActiveCfg = Debug|Any CPU
		{66FA5A6C-08BD-4591-857B-77E86AF79185}.Debug|Any CPU.Build.0 = Debug|Any CPU
		{66FA5A6C-08BD-4591-857B-77E86AF79185}.Release|Any CPU.ActiveCfg = Release|Any CPU
		{66FA5A6C-08BD-4591-857B-77E86AF79185}.Release|Any CPU.Build.0 = Release|Any CPU
		{24B6305C-0076-4935-AA16-A8475361E2EE}.Debug|Any CPU.ActiveCfg = Debug|Any CPU
		{24B6305C-0076-4935-AA16-A8475361E2EE}.Debug|Any CPU.Build.0 = Debug|Any CPU
		{24B6305C-0076-4935-AA16-A8475361E2EE}.Release|Any CPU.ActiveCfg = Release|Any CPU
		{24B6305C-0076-4935-AA16-A8475361E2EE}.Release|Any CPU.Build.0 = Release|Any CPU
	EndGlobalSection
	GlobalSection(NestedProjects) = preSolution
		{23DDD05A-13F0-48E9-888A-FC16AA8E8DF2} = {E9458383-5649-4164-A80D-94A1324EE061}
		{66FA5A6C-08BD-4591-857B-77E86AF79185} = {E9458383-5649-4164-A80D-94A1324EE061}
		{66A5DE03-F350-4D24-83B2-14166F67A6D1} = {E9458383-5649-4164-A80D-94A1324EE061}
	EndGlobalSection
EndGlobal
